
Microsoft Visual Studio Solution File, Format Version 12.00
# Visual Studio Version 17
VisualStudioVersion = 17.11.35327.3
MinimumVisualStudioVersion = 10.0.40219.1
Project("{FAE04EC0-301F-11D3-BF4B-00C04F79EFBC}") = "S21_ex00", "S21_ex00.csproj", "{7D9E7380-AFCE-4783-AA22-98B91C1A7DFC}"
EndProject
Global
	GlobalSection(SolutionConfigurationPlatforms) = preSolution
		Debug|Any CPU = Debug|Any CPU
		Release|Any CPU = Release|Any CPU
	EndGlobalSection
	GlobalSection(ProjectConfigurationPlatforms) = postSolution
		{7D9E7380-AFCE-4783-AA22-98B91C1A7DFC}.Debug|Any CPU.ActiveCfg = Debug|Any CPU
		{7D9E7380-AFCE-4783-AA22-98B91C1A7DFC}.Debug|Any CPU.Build.0 = Debug|Any CPU
		{7D9E7380-AFCE-4783-AA22-98B91C1A7DFC}.Release|Any CPU.ActiveCfg = Release|Any CPU
		{7D9E7380-AFCE-4783-AA22-98B91C1A7DFC}.Release|Any CPU.Build.0 = Release|Any CPU
	EndGlobalSection
	GlobalSection(SolutionProperties) = preSolution
		HideSolutionNode = FALSE
	EndGlobalSection
	GlobalSection(ExtensibilityGlobals) = postSolution
		SolutionGuid = {5A5EDC90-297A-44DF-9643-C90A6CA88CAF}
	EndGlobalSection
EndGlobal
